
Microsoft Visual Studio Solution File, Format Version 12.00
# Visual Studio Version 17
VisualStudioVersion = 17.9.34728.123
MinimumVisualStudioVersion = 10.0.40219.1
Project("{FAE04EC0-301F-11D3-BF4B-00C04F79EFBC}") = "BooksApiYayin", "BooksApiYayin.csproj", "{250B74CF-A75D-4785-A647-F8799C4024BD}"
EndProject
Global
	GlobalSection(SolutionConfigurationPlatforms) = preSolution
		Debug|Any CPU = Debug|Any CPU
		Release|Any CPU = Release|Any CPU
	EndGlobalSection
	GlobalSection(ProjectConfigurationPlatforms) = postSolution
		{250B74CF-A75D-4785-A647-F8799C4024BD}.Debug|Any CPU.ActiveCfg = Debug|Any CPU
		{250B74CF-A75D-4785-A647-F8799C4024BD}.Debug|Any CPU.Build.0 = Debug|Any CPU
		{250B74CF-A75D-4785-A647-F8799C4024BD}.Release|Any CPU.ActiveCfg = Release|Any CPU
		{250B74CF-A75D-4785-A647-F8799C4024BD}.Release|Any CPU.Build.0 = Release|Any CPU
	EndGlobalSection
	GlobalSection(SolutionProperties) = preSolution
		HideSolutionNode = FALSE
	EndGlobalSection
	GlobalSection(ExtensibilityGlobals) = postSolution
		SolutionGuid = {3551860F-517C-4C0F-A1AA-A9F42D3CAE58}
	EndGlobalSection
EndGlobal
